
Microsoft Visual Studio Solution File, Format Version 12.00
# Visual Studio 15
VisualStudioVersion = 15.0.28307.572
MinimumVisualStudioVersion = 10.0.40219.1
Project("{FAE04EC0-301F-11D3-BF4B-00C04F79EFBC}") = "MigrationsDemo", "MigrationsDemo\MigrationsDemo.csproj", "{6847CCAA-026C-4610-8456-7A69C2D3B3C8}"
EndProject
Global
	GlobalSection(SolutionConfigurationPlatforms) = preSolution
		Debug|Any CPU = Debug|Any CPU
		Release|Any CPU = Release|Any CPU
	EndGlobalSection
	GlobalSection(ProjectConfigurationPlatforms) = postSolution
		{6847CCAA-026C-4610-8456-7A69C2D3B3C8}.Debug|Any CPU.ActiveCfg = Debug|Any CPU
		{6847CCAA-026C-4610-8456-7A69C2D3B3C8}.Debug|Any CPU.Build.0 = Debug|Any CPU
		{6847CCAA-026C-4610-8456-7A69C2D3B3C8}.Release|Any CPU.ActiveCfg = Release|Any CPU
		{6847CCAA-026C-4610-8456-7A69C2D3B3C8}.Release|Any CPU.Build.0 = Release|Any CPU
	EndGlobalSection
	GlobalSection(SolutionProperties) = preSolution
		HideSolutionNode = FALSE
	EndGlobalSection
	GlobalSection(ExtensibilityGlobals) = postSolution
		SolutionGuid = {CF8F1A46-A62B-4294-9495-B53A3871B5D1}
	EndGlobalSection
EndGlobal
